
Microsoft Visual Studio Solution File, Format Version 12.00
# Visual Studio Version 17
VisualStudioVersion = 17.4.33205.214
MinimumVisualStudioVersion = 10.0.40219.1
Project("{FAE04EC0-301F-11D3-BF4B-00C04F79EFBC}") = "CrudOperations", "CrudOperations\CrudOperations.csproj", "{440FB8CD-47CE-4930-B2DB-0631E1312202}"
EndProject
Global
	GlobalSection(SolutionConfigurationPlatforms) = preSolution
		Debug|Any CPU = Debug|Any CPU
		Release|Any CPU = Release|Any CPU
	EndGlobalSection
	GlobalSection(ProjectConfigurationPlatforms) = postSolution
		{440FB8CD-47CE-4930-B2DB-0631E1312202}.Debug|Any CPU.ActiveCfg = Debug|Any CPU
		{440FB8CD-47CE-4930-B2DB-0631E1312202}.Debug|Any CPU.Build.0 = Debug|Any CPU
		{440FB8CD-47CE-4930-B2DB-0631E1312202}.Release|Any CPU.ActiveCfg = Release|Any CPU
		{440FB8CD-47CE-4930-B2DB-0631E1312202}.Release|Any CPU.Build.0 = Release|Any CPU
	EndGlobalSection
	GlobalSection(SolutionProperties) = preSolution
		HideSolutionNode = FALSE
	EndGlobalSection
	GlobalSection(ExtensibilityGlobals) = postSolution
		SolutionGuid = {A46FD279-C89F-41FC-A3BF-ADE362F3CA1A}
	EndGlobalSection
EndGlobal
